
Microsoft Visual Studio Solution File, Format Version 12.00
# Visual Studio Version 17
VisualStudioVersion = 17.10.34928.147
MinimumVisualStudioVersion = 10.0.40219.1
Project("{FAE04EC0-301F-11D3-BF4B-00C04F79EFBC}") = "MonitoringStack", "MonitoringStack.csproj", "{C144CDF0-77AE-45D3-B265-A7D8873B85F9}"
EndProject
Global
	GlobalSection(SolutionConfigurationPlatforms) = preSolution
		Debug|Any CPU = Debug|Any CPU
		Release|Any CPU = Release|Any CPU
	EndGlobalSection
	GlobalSection(ProjectConfigurationPlatforms) = postSolution
		{C144CDF0-77AE-45D3-B265-A7D8873B85F9}.Debug|Any CPU.ActiveCfg = Debug|Any CPU
		{C144CDF0-77AE-45D3-B265-A7D8873B85F9}.Debug|Any CPU.Build.0 = Debug|Any CPU
		{C144CDF0-77AE-45D3-B265-A7D8873B85F9}.Release|Any CPU.ActiveCfg = Release|Any CPU
		{C144CDF0-77AE-45D3-B265-A7D8873B85F9}.Release|Any CPU.Build.0 = Release|Any CPU
	EndGlobalSection
	GlobalSection(SolutionProperties) = preSolution
		HideSolutionNode = FALSE
	EndGlobalSection
	GlobalSection(ExtensibilityGlobals) = postSolution
		SolutionGuid = {BC7ADABC-BD33-4CFD-8BE1-DD6635017625}
	EndGlobalSection
EndGlobal
